
Microsoft Visual Studio Solution File, Format Version 12.00
# Visual Studio Version 17
VisualStudioVersion = 17.13.35919.96
MinimumVisualStudioVersion = 10.0.40219.1
Project("{FAE04EC0-301F-11D3-BF4B-00C04F79EFBC}") = "OneBus.Domain", "OneBus.Domain\OneBus.Domain.csproj", "{7BEA1397-696A-44EC-81BB-3A4DA0756174}"
EndProject
Project("{FAE04EC0-301F-11D3-BF4B-00C04F79EFBC}") = "OneBus.Infra.Data", "OneBus.Infra.Data\OneBus.Infra.Data.csproj", "{4563ADB0-7B3D-47AE-B9BA-3316B3219A80}"
EndProject
Project("{2150E333-8FDC-42A3-9474-1A3956D46DE8}") = "Solution Items", "Solution Items", "{02EA681E-C7D8-13C7-8484-4AC65E1B71E8}"
	ProjectSection(SolutionItems) = preProject
		.editorconfig = .editorconfig
	EndProjectSection
EndProject
Project("{2150E333-8FDC-42A3-9474-1A3956D46DE8}") = "src", "src", "{536ADF53-1EBB-40D5-AA1D-A1286D2F7B7D}"
EndProject
Project("{FAE04EC0-301F-11D3-BF4B-00C04F79EFBC}") = "OneBus.Infra.Ioc", "OneBus.Infra.Ioc\OneBus.Infra.Ioc.csproj", "{64B5BC71-8BB7-44E1-B6F0-1E15B217D573}"
EndProject
Project("{FAE04EC0-301F-11D3-BF4B-00C04F79EFBC}") = "OneBus.Application", "OneBus.Application\OneBus.Application.csproj", "{3A58F01B-324A-4F72-B327-E2AF14EED734}"
EndProject
Global
	GlobalSection(SolutionConfigurationPlatforms) = preSolution
		Debug|Any CPU = Debug|Any CPU
		Release|Any CPU = Release|Any CPU
	EndGlobalSection
	GlobalSection(ProjectConfigurationPlatforms) = postSolution
		{7BEA1397-696A-44EC-81BB-3A4DA0756174}.Debug|Any CPU.ActiveCfg = Debug|Any CPU
		{7BEA1397-696A-44EC-81BB-3A4DA0756174}.Debug|Any CPU.Build.0 = Debug|Any CPU
		{7BEA1397-696A-44EC-81BB-3A4DA0756174}.Release|Any CPU.ActiveCfg = Release|Any CPU
		{7BEA1397-696A-44EC-81BB-3A4DA0756174}.Release|Any CPU.Build.0 = Release|Any CPU
		{4563ADB0-7B3D-47AE-B9BA-3316B3219A80}.Debug|Any CPU.ActiveCfg = Debug|Any CPU
		{4563ADB0-7B3D-47AE-B9BA-3316B3219A80}.Debug|Any CPU.Build.0 = Debug|Any CPU
		{4563ADB0-7B3D-47AE-B9BA-3316B3219A80}.Release|Any CPU.ActiveCfg = Release|Any CPU
		{4563ADB0-7B3D-47AE-B9BA-3316B3219A80}.Release|Any CPU.Build.0 = Release|Any CPU
		{64B5BC71-8BB7-44E1-B6F0-1E15B217D573}.Debug|Any CPU.ActiveCfg = Debug|Any CPU
		{64B5BC71-8BB7-44E1-B6F0-1E15B217D573}.Debug|Any CPU.Build.0 = Debug|Any CPU
		{64B5BC71-8BB7-44E1-B6F0-1E15B217D573}.Release|Any CPU.ActiveCfg = Release|Any CPU
		{64B5BC71-8BB7-44E1-B6F0-1E15B217D573}.Release|Any CPU.Build.0 = Release|Any CPU
		{3A58F01B-324A-4F72-B327-E2AF14EED734}.Debug|Any CPU.ActiveCfg = Debug|Any CPU
		{3A58F01B-324A-4F72-B327-E2AF14EED734}.Debug|Any CPU.Build.0 = Debug|Any CPU
		{3A58F01B-324A-4F72-B327-E2AF14EED734}.Release|Any CPU.ActiveCfg = Release|Any CPU
		{3A58F01B-324A-4F72-B327-E2AF14EED734}.Release|Any CPU.Build.0 = Release|Any CPU
	EndGlobalSection
	GlobalSection(SolutionProperties) = preSolution
		HideSolutionNode = FALSE
	EndGlobalSection
	GlobalSection(NestedProjects) = preSolution
		{7BEA1397-696A-44EC-81BB-3A4DA0756174} = {536ADF53-1EBB-40D5-AA1D-A1286D2F7B7D}
		{4563ADB0-7B3D-47AE-B9BA-3316B3219A80} = {536ADF53-1EBB-40D5-AA1D-A1286D2F7B7D}
		{64B5BC71-8BB7-44E1-B6F0-1E15B217D573} = {536ADF53-1EBB-40D5-AA1D-A1286D2F7B7D}
		{3A58F01B-324A-4F72-B327-E2AF14EED734} = {536ADF53-1EBB-40D5-AA1D-A1286D2F7B7D}
	EndGlobalSection
	GlobalSection(ExtensibilityGlobals) = postSolution
		SolutionGuid = {DF1E3455-64BE-4349-8794-9E1D4B9D1A18}
	EndGlobalSection
EndGlobal
